
Microsoft Visual Studio Solution File, Format Version 12.00
# Visual Studio Version 16
VisualStudioVersion = 16.0.30621.155
MinimumVisualStudioVersion = 10.0.40219.1
Project("{FAE04EC0-301F-11D3-BF4B-00C04F79EFBC}") = "QuanLyKhoV3", "QuanLyKhoV3\QuanLyKhoV3.csproj", "{234C8D0A-1FD4-486F-AD2C-27B962056B4A}"
EndProject
Project("{FAE04EC0-301F-11D3-BF4B-00C04F79EFBC}") = "Repository.Pattern", "Framework\Repository.Pattern\Repository.Pattern.csproj", "{6E682A14-C872-4813-B620-76E108DEA683}"
EndProject
Project("{2150E333-8FDC-42A3-9474-1A3956D46DE8}") = "Framework", "Framework", "{06B4BAF0-6F92-479E-AB6E-DF32291FFA98}"
EndProject
Project("{FAE04EC0-301F-11D3-BF4B-00C04F79EFBC}") = "Repository.Pattern.Ef6", "Framework\Repository.Pattern.Ef6\Repository.Pattern.Ef6.csproj", "{F68A1D19-93FB-47C1-A22B-42BEA3E4FD8C}"
EndProject
Project("{FAE04EC0-301F-11D3-BF4B-00C04F79EFBC}") = "Service.Pattern", "Framework\Service.Pattern\Service.Pattern.csproj", "{4EFBA6DA-2E78-4CA6-90D6-782772B160CD}"
EndProject
Project("{FAE04EC0-301F-11D3-BF4B-00C04F79EFBC}") = "Util.Pattern", "Framework\Util.Pattern\Util.Pattern.csproj", "{19B9A83D-7B8B-4842-B53F-CAF44FFCAAC6}"
EndProject
Project("{FAE04EC0-301F-11D3-BF4B-00C04F79EFBC}") = "WH.Entity", "WH.Entity\WH.Entity.csproj", "{6E0BBA11-C557-498E-9C0D-D50215BDD17F}"
EndProject
Project("{FAE04EC0-301F-11D3-BF4B-00C04F79EFBC}") = "WH.Model", "WH.Model\WH.Model.csproj", "{FF1FFC67-4D1A-41B7-8E94-739FA7F52D33}"
EndProject
Project("{FAE04EC0-301F-11D3-BF4B-00C04F79EFBC}") = "WH.GUI", "WH.GUI\WH.GUI.csproj", "{CAC009B2-6297-4AC4-B9EF-E64CB5E4252E}"
EndProject
Project("{FAE04EC0-301F-11D3-BF4B-00C04F79EFBC}") = "WH.Report", "WH.Report\WH.Report.csproj", "{00DD8CBC-2029-419B-B147-21505D1B81E3}"
EndProject
Project("{FAE04EC0-301F-11D3-BF4B-00C04F79EFBC}") = "WH.Service", "WH.Service\WH.Service.csproj", "{733477E2-DEB4-463A-86D0-CE108CE8B094}"
EndProject
Global
	GlobalSection(SolutionConfigurationPlatforms) = preSolution
		Debug|Any CPU = Debug|Any CPU
		Debug|x86 = Debug|x86
		Release|Any CPU = Release|Any CPU
		Release|x86 = Release|x86
	EndGlobalSection
	GlobalSection(ProjectConfigurationPlatforms) = postSolution
		{234C8D0A-1FD4-486F-AD2C-27B962056B4A}.Debug|Any CPU.ActiveCfg = Debug|Any CPU
		{234C8D0A-1FD4-486F-AD2C-27B962056B4A}.Debug|Any CPU.Build.0 = Debug|Any CPU
		{234C8D0A-1FD4-486F-AD2C-27B962056B4A}.Debug|x86.ActiveCfg = Debug|Any CPU
		{234C8D0A-1FD4-486F-AD2C-27B962056B4A}.Debug|x86.Build.0 = Debug|Any CPU
		{234C8D0A-1FD4-486F-AD2C-27B962056B4A}.Release|Any CPU.ActiveCfg = Release|Any CPU
		{234C8D0A-1FD4-486F-AD2C-27B962056B4A}.Release|Any CPU.Build.0 = Release|Any CPU
		{234C8D0A-1FD4-486F-AD2C-27B962056B4A}.Release|x86.ActiveCfg = Release|Any CPU
		{234C8D0A-1FD4-486F-AD2C-27B962056B4A}.Release|x86.Build.0 = Release|Any CPU
		{6E682A14-C872-4813-B620-76E108DEA683}.Debug|Any CPU.ActiveCfg = Debug|Any CPU
		{6E682A14-C872-4813-B620-76E108DEA683}.Debug|Any CPU.Build.0 = Debug|Any CPU
		{6E682A14-C872-4813-B620-76E108DEA683}.Debug|x86.ActiveCfg = Debug|x86
		{6E682A14-C872-4813-B620-76E108DEA683}.Debug|x86.Build.0 = Debug|x86
		{6E682A14-C872-4813-B620-76E108DEA683}.Release|Any CPU.ActiveCfg = Release|Any CPU
		{6E682A14-C872-4813-B620-76E108DEA683}.Release|Any CPU.Build.0 = Release|Any CPU
		{6E682A14-C872-4813-B620-76E108DEA683}.Release|x86.ActiveCfg = Release|x86
		{6E682A14-C872-4813-B620-76E108DEA683}.Release|x86.Build.0 = Release|x86
		{F68A1D19-93FB-47C1-A22B-42BEA3E4FD8C}.Debug|Any CPU.ActiveCfg = Debug|Any CPU
		{F68A1D19-93FB-47C1-A22B-42BEA3E4FD8C}.Debug|Any CPU.Build.0 = Debug|Any CPU
		{F68A1D19-93FB-47C1-A22B-42BEA3E4FD8C}.Debug|x86.ActiveCfg = Debug|Any CPU
		{F68A1D19-93FB-47C1-A22B-42BEA3E4FD8C}.Debug|x86.Build.0 = Debug|Any CPU
		{F68A1D19-93FB-47C1-A22B-42BEA3E4FD8C}.Release|Any CPU.ActiveCfg = Release|Any CPU
		{F68A1D19-93FB-47C1-A22B-42BEA3E4FD8C}.Release|Any CPU.Build.0 = Release|Any CPU
		{F68A1D19-93FB-47C1-A22B-42BEA3E4FD8C}.Release|x86.ActiveCfg = Release|Any CPU
		{F68A1D19-93FB-47C1-A22B-42BEA3E4FD8C}.Release|x86.Build.0 = Release|Any CPU
		{4EFBA6DA-2E78-4CA6-90D6-782772B160CD}.Debug|Any CPU.ActiveCfg = Debug|Any CPU
		{4EFBA6DA-2E78-4CA6-90D6-782772B160CD}.Debug|Any CPU.Build.0 = Debug|Any CPU
		{4EFBA6DA-2E78-4CA6-90D6-782772B160CD}.Debug|x86.ActiveCfg = Debug|Any CPU
		{4EFBA6DA-2E78-4CA6-90D6-782772B160CD}.Debug|x86.Build.0 = Debug|Any CPU
		{4EFBA6DA-2E78-4CA6-90D6-782772B160CD}.Release|Any CPU.ActiveCfg = Release|Any CPU
		{4EFBA6DA-2E78-4CA6-90D6-782772B160CD}.Release|Any CPU.Build.0 = Release|Any CPU
		{4EFBA6DA-2E78-4CA6-90D6-782772B160CD}.Release|x86.ActiveCfg = Release|Any CPU
		{4EFBA6DA-2E78-4CA6-90D6-782772B160CD}.Release|x86.Build.0 = Release|Any CPU
		{19B9A83D-7B8B-4842-B53F-CAF44FFCAAC6}.Debug|Any CPU.ActiveCfg = Debug|Any CPU
		{19B9A83D-7B8B-4842-B53F-CAF44FFCAAC6}.Debug|Any CPU.Build.0 = Debug|Any CPU
		{19B9A83D-7B8B-4842-B53F-CAF44FFCAAC6}.Debug|x86.ActiveCfg = Debug|Any CPU
		{19B9A83D-7B8B-4842-B53F-CAF44FFCAAC6}.Debug|x86.Build.0 = Debug|Any CPU
		{19B9A83D-7B8B-4842-B53F-CAF44FFCAAC6}.Release|Any CPU.ActiveCfg = Release|Any CPU
		{19B9A83D-7B8B-4842-B53F-CAF44FFCAAC6}.Release|Any CPU.Build.0 = Release|Any CPU
		{19B9A83D-7B8B-4842-B53F-CAF44FFCAAC6}.Release|x86.ActiveCfg = Release|Any CPU
		{19B9A83D-7B8B-4842-B53F-CAF44FFCAAC6}.Release|x86.Build.0 = Release|Any CPU
		{6E0BBA11-C557-498E-9C0D-D50215BDD17F}.Debug|Any CPU.ActiveCfg = Debug|Any CPU
		{6E0BBA11-C557-498E-9C0D-D50215BDD17F}.Debug|Any CPU.Build.0 = Debug|Any CPU
		{6E0BBA11-C557-498E-9C0D-D50215BDD17F}.Debug|x86.ActiveCfg = Debug|Any CPU
		{6E0BBA11-C557-498E-9C0D-D50215BDD17F}.Debug|x86.Build.0 = Debug|Any CPU
		{6E0BBA11-C557-498E-9C0D-D50215BDD17F}.Release|Any CPU.ActiveCfg = Release|Any CPU
		{6E0BBA11-C557-498E-9C0D-D50215BDD17F}.Release|Any CPU.Build.0 = Release|Any CPU
		{6E0BBA11-C557-498E-9C0D-D50215BDD17F}.Release|x86.ActiveCfg = Release|Any CPU
		{6E0BBA11-C557-498E-9C0D-D50215BDD17F}.Release|x86.Build.0 = Release|Any CPU
		{FF1FFC67-4D1A-41B7-8E94-739FA7F52D33}.Debug|Any CPU.ActiveCfg = Debug|Any CPU
		{FF1FFC67-4D1A-41B7-8E94-739FA7F52D33}.Debug|Any CPU.Build.0 = Debug|Any CPU
		{FF1FFC67-4D1A-41B7-8E94-739FA7F52D33}.Debug|x86.ActiveCfg = Debug|Any CPU
		{FF1FFC67-4D1A-41B7-8E94-739FA7F52D33}.Debug|x86.Build.0 = Debug|Any CPU
		{FF1FFC67-4D1A-41B7-8E94-739FA7F52D33}.Release|Any CPU.ActiveCfg = Release|Any CPU
		{FF1FFC67-4D1A-41B7-8E94-739FA7F52D33}.Release|Any CPU.Build.0 = Release|Any CPU
		{FF1FFC67-4D1A-41B7-8E94-739FA7F52D33}.Release|x86.ActiveCfg = Release|Any CPU
		{FF1FFC67-4D1A-41B7-8E94-739FA7F52D33}.Release|x86.Build.0 = Release|Any CPU
		{CAC009B2-6297-4AC4-B9EF-E64CB5E4252E}.Debug|Any CPU.ActiveCfg = Debug|Any CPU
		{CAC009B2-6297-4AC4-B9EF-E64CB5E4252E}.Debug|Any CPU.Build.0 = Debug|Any CPU
		{CAC009B2-6297-4AC4-B9EF-E64CB5E4252E}.Debug|x86.ActiveCfg = Debug|Any CPU
		{CAC009B2-6297-4AC4-B9EF-E64CB5E4252E}.Debug|x86.Build.0 = Debug|Any CPU
		{CAC009B2-6297-4AC4-B9EF-E64CB5E4252E}.Release|Any CPU.ActiveCfg = Release|Any CPU
		{CAC009B2-6297-4AC4-B9EF-E64CB5E4252E}.Release|Any CPU.Build.0 = Release|Any CPU
		{CAC009B2-6297-4AC4-B9EF-E64CB5E4252E}.Release|x86.ActiveCfg = Release|Any CPU
		{CAC009B2-6297-4AC4-B9EF-E64CB5E4252E}.Release|x86.Build.0 = Release|Any CPU
		{00DD8CBC-2029-419B-B147-21505D1B81E3}.Debug|Any CPU.ActiveCfg = Debug|Any CPU
		{00DD8CBC-2029-419B-B147-21505D1B81E3}.Debug|Any CPU.Build.0 = Debug|Any CPU
		{00DD8CBC-2029-419B-B147-21505D1B81E3}.Debug|x86.ActiveCfg = Debug|Any CPU
		{00DD8CBC-2029-419B-B147-21505D1B81E3}.Debug|x86.Build.0 = Debug|Any CPU
		{00DD8CBC-2029-419B-B147-21505D1B81E3}.Release|Any CPU.ActiveCfg = Release|Any CPU
		{00DD8CBC-2029-419B-B147-21505D1B81E3}.Release|Any CPU.Build.0 = Release|Any CPU
		{00DD8CBC-2029-419B-B147-21505D1B81E3}.Release|x86.ActiveCfg = Release|Any CPU
		{00DD8CBC-2029-419B-B147-21505D1B81E3}.Release|x86.Build.0 = Release|Any CPU
		{733477E2-DEB4-463A-86D0-CE108CE8B094}.Debug|Any CPU.ActiveCfg = Debug|Any CPU
		{733477E2-DEB4-463A-86D0-CE108CE8B094}.Debug|Any CPU.Build.0 = Debug|Any CPU
		{733477E2-DEB4-463A-86D0-CE108CE8B094}.Debug|x86.ActiveCfg = Debug|Any CPU
		{733477E2-DEB4-463A-86D0-CE108CE8B094}.Debug|x86.Build.0 = Debug|Any CPU
		{733477E2-DEB4-463A-86D0-CE108CE8B094}.Release|Any CPU.ActiveCfg = Release|Any CPU
		{733477E2-DEB4-463A-86D0-CE108CE8B094}.Release|Any CPU.Build.0 = Release|Any CPU
		{733477E2-DEB4-463A-86D0-CE108CE8B094}.Release|x86.ActiveCfg = Release|Any CPU
		{733477E2-DEB4-463A-86D0-CE108CE8B094}.Release|x86.Build.0 = Release|Any CPU
	EndGlobalSection
	GlobalSection(SolutionProperties) = preSolution
		HideSolutionNode = FALSE
	EndGlobalSection
	GlobalSection(NestedProjects) = preSolution
		{6E682A14-C872-4813-B620-76E108DEA683} = {06B4BAF0-6F92-479E-AB6E-DF32291FFA98}
		{F68A1D19-93FB-47C1-A22B-42BEA3E4FD8C} = {06B4BAF0-6F92-479E-AB6E-DF32291FFA98}
		{4EFBA6DA-2E78-4CA6-90D6-782772B160CD} = {06B4BAF0-6F92-479E-AB6E-DF32291FFA98}
		{19B9A83D-7B8B-4842-B53F-CAF44FFCAAC6} = {06B4BAF0-6F92-479E-AB6E-DF32291FFA98}
	EndGlobalSection
	GlobalSection(ExtensibilityGlobals) = postSolution
		SolutionGuid = {709E48F3-C2E2-4FCF-B303-50D55CE1EF6B}
	EndGlobalSection
EndGlobal
